
Microsoft Visual Studio Solution File, Format Version 12.00
# Visual Studio Version 16
VisualStudioVersion = 16.0.31729.503
MinimumVisualStudioVersion = 10.0.40219.1
Project("{FAE04EC0-301F-11D3-BF4B-00C04F79EFBC}") = "AetherScriptsForL15Trainer", "AetherScriptsForL15Trainer.csproj", "{1C79B6A5-38CE-4BB5-A1E0-34F657B39BE2}"
EndProject
Project("{FAE04EC0-301F-11D3-BF4B-00C04F79EFBC}") = "Learn", "Learn\Learn.csproj", "{92A32005-A57F-4107-A224-C80A6D8AF5E4}"
EndProject
Global
	GlobalSection(SolutionConfigurationPlatforms) = preSolution
		Debug|Any CPU = Debug|Any CPU
		Release|Any CPU = Release|Any CPU
	EndGlobalSection
	GlobalSection(ProjectConfigurationPlatforms) = postSolution
		{1C79B6A5-38CE-4BB5-A1E0-34F657B39BE2}.Debug|Any CPU.ActiveCfg = Debug|Any CPU
		{1C79B6A5-38CE-4BB5-A1E0-34F657B39BE2}.Debug|Any CPU.Build.0 = Debug|Any CPU
		{1C79B6A5-38CE-4BB5-A1E0-34F657B39BE2}.Release|Any CPU.ActiveCfg = Release|Any CPU
		{1C79B6A5-38CE-4BB5-A1E0-34F657B39BE2}.Release|Any CPU.Build.0 = Release|Any CPU
		{92A32005-A57F-4107-A224-C80A6D8AF5E4}.Debug|Any CPU.ActiveCfg = Debug|Any CPU
		{92A32005-A57F-4107-A224-C80A6D8AF5E4}.Debug|Any CPU.Build.0 = Debug|Any CPU
		{92A32005-A57F-4107-A224-C80A6D8AF5E4}.Release|Any CPU.ActiveCfg = Release|Any CPU
		{92A32005-A57F-4107-A224-C80A6D8AF5E4}.Release|Any CPU.Build.0 = Release|Any CPU
	EndGlobalSection
	GlobalSection(SolutionProperties) = preSolution
		HideSolutionNode = FALSE
	EndGlobalSection
	GlobalSection(ExtensibilityGlobals) = postSolution
		SolutionGuid = {FC387D71-228D-4250-9854-C380AC9182D8}
	EndGlobalSection
EndGlobal
